
Microsoft Visual Studio Solution File, Format Version 12.00
# Visual Studio 2013
VisualStudioVersion = 12.0.21005.1
MinimumVisualStudioVersion = 10.0.40219.1
Project("{FAE04EC0-301F-11D3-BF4B-00C04F79EFBC}") = "Simple.MVC", "Simple.MVC\Simple.MVC.csproj", "{23D8C33D-F701-43B1-B854-CB7CFADE1C6E}"
EndProject
Project("{FAE04EC0-301F-11D3-BF4B-00C04F79EFBC}") = "Simple.MVC.Tests", "Simple.MVC.Tests\Simple.MVC.Tests.csproj", "{53A2F358-40EC-492D-BBF0-6A0406495D7B}"
EndProject
Project("{FAE04EC0-301F-11D3-BF4B-00C04F79EFBC}") = "Simple.Domain", "Simple.Domain\Simple.Domain.csproj", "{5E285BF6-B702-4AFB-9B90-01E277207D93}"
EndProject
Project("{FAE04EC0-301F-11D3-BF4B-00C04F79EFBC}") = "Simple.ViewModel", "Simple.ViewModel\Simple.ViewModel.csproj", "{13FE8943-A545-4DCF-BFA8-3A37308D2EB7}"
EndProject
Project("{FAE04EC0-301F-11D3-BF4B-00C04F79EFBC}") = "Simple.Repository", "Simple.Repository\Simple.Repository.csproj", "{99E7712E-095E-45DB-B514-6759BACB4C22}"
EndProject
Global
	GlobalSection(SolutionConfigurationPlatforms) = preSolution
		Debug|Any CPU = Debug|Any CPU
		Release|Any CPU = Release|Any CPU
	EndGlobalSection
	GlobalSection(ProjectConfigurationPlatforms) = postSolution
		{23D8C33D-F701-43B1-B854-CB7CFADE1C6E}.Debug|Any CPU.ActiveCfg = Debug|Any CPU
		{23D8C33D-F701-43B1-B854-CB7CFADE1C6E}.Debug|Any CPU.Build.0 = Debug|Any CPU
		{23D8C33D-F701-43B1-B854-CB7CFADE1C6E}.Release|Any CPU.ActiveCfg = Release|Any CPU
		{23D8C33D-F701-43B1-B854-CB7CFADE1C6E}.Release|Any CPU.Build.0 = Release|Any CPU
		{53A2F358-40EC-492D-BBF0-6A0406495D7B}.Debug|Any CPU.ActiveCfg = Debug|Any CPU
		{53A2F358-40EC-492D-BBF0-6A0406495D7B}.Debug|Any CPU.Build.0 = Debug|Any CPU
		{53A2F358-40EC-492D-BBF0-6A0406495D7B}.Release|Any CPU.ActiveCfg = Release|Any CPU
		{53A2F358-40EC-492D-BBF0-6A0406495D7B}.Release|Any CPU.Build.0 = Release|Any CPU
		{5E285BF6-B702-4AFB-9B90-01E277207D93}.Debug|Any CPU.ActiveCfg = Debug|Any CPU
		{5E285BF6-B702-4AFB-9B90-01E277207D93}.Debug|Any CPU.Build.0 = Debug|Any CPU
		{5E285BF6-B702-4AFB-9B90-01E277207D93}.Release|Any CPU.ActiveCfg = Release|Any CPU
		{5E285BF6-B702-4AFB-9B90-01E277207D93}.Release|Any CPU.Build.0 = Release|Any CPU
		{13FE8943-A545-4DCF-BFA8-3A37308D2EB7}.Debug|Any CPU.ActiveCfg = Debug|Any CPU
		{13FE8943-A545-4DCF-BFA8-3A37308D2EB7}.Debug|Any CPU.Build.0 = Debug|Any CPU
		{13FE8943-A545-4DCF-BFA8-3A37308D2EB7}.Release|Any CPU.ActiveCfg = Release|Any CPU
		{13FE8943-A545-4DCF-BFA8-3A37308D2EB7}.Release|Any CPU.Build.0 = Release|Any CPU
		{99E7712E-095E-45DB-B514-6759BACB4C22}.Debug|Any CPU.ActiveCfg = Debug|Any CPU
		{99E7712E-095E-45DB-B514-6759BACB4C22}.Debug|Any CPU.Build.0 = Debug|Any CPU
		{99E7712E-095E-45DB-B514-6759BACB4C22}.Release|Any CPU.ActiveCfg = Release|Any CPU
		{99E7712E-095E-45DB-B514-6759BACB4C22}.Release|Any CPU.Build.0 = Release|Any CPU
	EndGlobalSection
	GlobalSection(SolutionProperties) = preSolution
		HideSolutionNode = FALSE
	EndGlobalSection
EndGlobal
